// !$*UTF8*$!
{
	archiveVersion = 1;
	classes = {
	};
	objectVersion = 77;
	objects = {

/* Begin PBXBuildFile section */
		D23397B52ED4A62600D60865 /* FirebaseAI in Frameworks */ = {isa = PBXBuildFile; productRef = D23397B42ED4A62600D60865 /* FirebaseAI */; };
		D23397B72ED4A62600D60865 /* FirebaseAILogic in Frameworks */ = {isa = PBXBuildFile; productRef = D23397B62ED4A62600D60865 /* FirebaseAILogic */; };
		D23397B92ED4A62600D60865 /* FirebaseAnalytics in Frameworks */ = {isa = PBXBuildFile; productRef = D23397B82ED4A62600D60865 /* FirebaseAnalytics */; };
		D23397BB2ED4A62600D60865 /* FirebaseAnalyticsCore in Frameworks */ = {isa = PBXBuildFile; productRef = D23397BA2ED4A62600D60865 /* FirebaseAnalyticsCore */; };
		D23397BD2ED4A62600D60865 /* FirebaseAnalyticsIdentitySupport in Frameworks */ = {isa = PBXBuildFile; productRef = D23397BC2ED4A62600D60865 /* FirebaseAnalyticsIdentitySupport */; };
		D23397BF2ED4A98C00D60865 /* FirebaseAppCheck in Frameworks */ = {isa = PBXBuildFile; productRef = D23397BE2ED4A98C00D60865 /* FirebaseAppCheck */; };
		D23397C12ED4A98C00D60865 /* FirebaseAppDistribution-Beta in Frameworks */ = {isa = PBXBuildFile; productRef = D23397C02ED4A98C00D60865 /* FirebaseAppDistribution-Beta */; };
		D23397C32ED4A98C00D60865 /* FirebaseAuth in Frameworks */ = {isa = PBXBuildFile; productRef = D23397C22ED4A98C00D60865 /* FirebaseAuth */; };
		D23397C52ED4A98C00D60865 /* FirebaseAuthCombine-Community in Frameworks */ = {isa = PBXBuildFile; productRef = D23397C42ED4A98C00D60865 /* FirebaseAuthCombine-Community */; };
		D23397C72ED4A98C00D60865 /* FirebaseCore in Frameworks */ = {isa = PBXBuildFile; productRef = D23397C62ED4A98C00D60865 /* FirebaseCore */; };
		D23397C92ED4A98C00D60865 /* FirebaseCrashlytics in Frameworks */ = {isa = PBXBuildFile; productRef = D23397C82ED4A98C00D60865 /* FirebaseCrashlytics */; };
		D23397CB2ED4A98C00D60865 /* FirebaseDatabase in Frameworks */ = {isa = PBXBuildFile; productRef = D23397CA2ED4A98C00D60865 /* FirebaseDatabase */; };
		D23397CD2ED4A98C00D60865 /* FirebaseFirestore in Frameworks */ = {isa = PBXBuildFile; productRef = D23397CC2ED4A98C00D60865 /* FirebaseFirestore */; };
		D23397CF2ED4A98C00D60865 /* FirebaseFirestoreCombine-Community in Frameworks */ = {isa = PBXBuildFile; productRef = D23397CE2ED4A98C00D60865 /* FirebaseFirestoreCombine-Community */; };
		D23397D12ED4A98C00D60865 /* FirebaseFunctions in Frameworks */ = {isa = PBXBuildFile; productRef = D23397D02ED4A98C00D60865 /* FirebaseFunctions */; };
		D23397D32ED4A98C00D60865 /* FirebaseFunctionsCombine-Community in Frameworks */ = {isa = PBXBuildFile; productRef = D23397D22ED4A98C00D60865 /* FirebaseFunctionsCombine-Community */; };
		D23397D52ED4A98C00D60865 /* FirebaseInAppMessaging-Beta in Frameworks */ = {isa = PBXBuildFile; productRef = D23397D42ED4A98C00D60865 /* FirebaseInAppMessaging-Beta */; };
		D23397D72ED4A98C00D60865 /* FirebaseInstallations in Frameworks */ = {isa = PBXBuildFile; productRef = D23397D62ED4A98C00D60865 /* FirebaseInstallations */; };
		D23397D92ED4A98C00D60865 /* FirebaseMLModelDownloader in Frameworks */ = {isa = PBXBuildFile; productRef = D23397D82ED4A98C00D60865 /* FirebaseMLModelDownloader */; };
		D23397DB2ED4A98C00D60865 /* FirebaseMessaging in Frameworks */ = {isa = PBXBuildFile; productRef = D23397DA2ED4A98C00D60865 /* FirebaseMessaging */; };
		D23397DD2ED4A98C00D60865 /* FirebasePerformance in Frameworks */ = {isa = PBXBuildFile; productRef = D23397DC2ED4A98C00D60865 /* FirebasePerformance */; };
		D23397DF2ED4A98C00D60865 /* FirebaseRemoteConfig in Frameworks */ = {isa = PBXBuildFile; productRef = D23397DE2ED4A98C00D60865 /* FirebaseRemoteConfig */; };
		D23397E12ED4A98C00D60865 /* FirebaseStorage in Frameworks */ = {isa = PBXBuildFile; productRef = D23397E02ED4A98C00D60865 /* FirebaseStorage */; };
		D23397E32ED4A98C00D60865 /* FirebaseStorageCombine-Community in Frameworks */ = {isa = PBXBuildFile; productRef = D23397E22ED4A98C00D60865 /* FirebaseStorageCombine-Community */; };
/* End PBXBuildFile section */

/* Begin PBXFileReference section */
		D23453C62EC6419B001E3380 /* LangBite.app */ = {isa = PBXFileReference; explicitFileType = wrapper.application; includeInIndex = 0; path = LangBite.app; sourceTree = BUILT_PRODUCTS_DIR; };
/* End PBXFileReference section */

/* Begin PBXFileSystemSynchronizedRootGroup section */
		D23453C82EC6419B001E3380 /* LangBite */ = {
			isa = PBXFileSystemSynchronizedRootGroup;
			path = LangBite;
			sourceTree = "<group>";
		};
/* End PBXFileSystemSynchronizedRootGroup section */

/* Begin PBXFrameworksBuildPhase section */
		D23453C32EC6419B001E3380 /* Frameworks */ = {
			isa = PBXFrameworksBuildPhase;
			buildActionMask = 2147483647;
			files = (
				D23397C12ED4A98C00D60865 /* FirebaseAppDistribution-Beta in Frameworks */,
				D23397CD2ED4A98C00D60865 /* FirebaseFirestore in Frameworks */,
				D23397C52ED4A98C00D60865 /* FirebaseAuthCombine-Community in Frameworks */,
				D23397D72ED4A98C00D60865 /* FirebaseInstallations in Frameworks */,
				D23397B72ED4A62600D60865 /* FirebaseAILogic in Frameworks */,
				D23397BD2ED4A62600D60865 /* FirebaseAnalyticsIdentitySupport in Frameworks */,
				D23397D52ED4A98C00D60865 /* FirebaseInAppMessaging-Beta in Frameworks */,
				D23397B52ED4A62600D60865 /* FirebaseAI in Frameworks */,
				D23397C92ED4A98C00D60865 /* FirebaseCrashlytics in Frameworks */,
				D23397D32ED4A98C00D60865 /* FirebaseFunctionsCombine-Community in Frameworks */,
				D23397E32ED4A98C00D60865 /* FirebaseStorageCombine-Community in Frameworks */,
				D23397CB2ED4A98C00D60865 /* FirebaseDatabase in Frameworks */,
				D23397E12ED4A98C00D60865 /* FirebaseStorage in Frameworks */,
				D23397DF2ED4A98C00D60865 /* FirebaseRemoteConfig in Frameworks */,
				D23397B92ED4A62600D60865 /* FirebaseAnalytics in Frameworks */,
				D23397DB2ED4A98C00D60865 /* FirebaseMessaging in Frameworks */,
				D23397D92ED4A98C00D60865 /* FirebaseMLModelDownloader in Frameworks */,
				D23397DD2ED4A98C00D60865 /* FirebasePerformance in Frameworks */,
				D23397C72ED4A98C00D60865 /* FirebaseCore in Frameworks */,
				D23397BF2ED4A98C00D60865 /* FirebaseAppCheck in Frameworks */,
				D23397BB2ED4A62600D60865 /* FirebaseAnalyticsCore in Frameworks */,
				D23397D12ED4A98C00D60865 /* FirebaseFunctions in Frameworks */,
				D23397C32ED4A98C00D60865 /* FirebaseAuth in Frameworks */,
				D23397CF2ED4A98C00D60865 /* FirebaseFirestoreCombine-Community in Frameworks */,
			);
			runOnlyForDeploymentPostprocessing = 0;
		};
/* End PBXFrameworksBuildPhase section */

/* Begin PBXGroup section */
		D23453BD2EC6419B001E3380 = {
			isa = PBXGroup;
			children = (
				D23453C82EC6419B001E3380 /* LangBite */,
				D23453C72EC6419B001E3380 /* Products */,
			);
			sourceTree = "<group>";
		};
		D23453C72EC6419B001E3380 /* Products */ = {
			isa = PBXGroup;
			children = (
				D23453C62EC6419B001E3380 /* LangBite.app */,
			);
			name = Products;
			sourceTree = "<group>";
		};
/* End PBXGroup section */

/* Begin PBXNativeTarget section */
		D23453C52EC6419B001E3380 /* LangBite */ = {
			isa = PBXNativeTarget;
			buildConfigurationList = D23453D42EC6419F001E3380 /* Build configuration list for PBXNativeTarget "LangBite" */;
			buildPhases = (
				D23453C22EC6419B001E3380 /* Sources */,
				D23453C32EC6419B001E3380 /* Frameworks */,
				D23453C42EC6419B001E3380 /* Resources */,
			);
			buildRules = (
			);
			dependencies = (
			);
			fileSystemSynchronizedGroups = (
				D23453C82EC6419B001E3380 /* LangBite */,
			);
			name = LangBite;
			packageProductDependencies = (
				D23397B42ED4A62600D60865 /* FirebaseAI */,
				D23397B62ED4A62600D60865 /* FirebaseAILogic */,
				D23397B82ED4A62600D60865 /* FirebaseAnalytics */,
				D23397BA2ED4A62600D60865 /* FirebaseAnalyticsCore */,
				D23397BC2ED4A62600D60865 /* FirebaseAnalyticsIdentitySupport */,
				D23397BE2ED4A98C00D60865 /* FirebaseAppCheck */,
				D23397C02ED4A98C00D60865 /* FirebaseAppDistribution-Beta */,
				D23397C22ED4A98C00D60865 /* FirebaseAuth */,
				D23397C42ED4A98C00D60865 /* FirebaseAuthCombine-Community */,
				D23397C62ED4A98C00D60865 /* FirebaseCore */,
				D23397C82ED4A98C00D60865 /* FirebaseCrashlytics */,
				D23397CA2ED4A98C00D60865 /* FirebaseDatabase */,
				D23397CC2ED4A98C00D60865 /* FirebaseFirestore */,
				D23397CE2ED4A98C00D60865 /* FirebaseFirestoreCombine-Community */,
				D23397D02ED4A98C00D60865 /* FirebaseFunctions */,
				D23397D22ED4A98C00D60865 /* FirebaseFunctionsCombine-Community */,
				D23397D42ED4A98C00D60865 /* FirebaseInAppMessaging-Beta */,
				D23397D62ED4A98C00D60865 /* FirebaseInstallations */,
				D23397D82ED4A98C00D60865 /* FirebaseMLModelDownloader */,
				D23397DA2ED4A98C00D60865 /* FirebaseMessaging */,
				D23397DC2ED4A98C00D60865 /* FirebasePerformance */,
				D23397DE2ED4A98C00D60865 /* FirebaseRemoteConfig */,
				D23397E02ED4A98C00D60865 /* FirebaseStorage */,
				D23397E22ED4A98C00D60865 /* FirebaseStorageCombine-Community */,
			);
			productName = LangBite;
			productReference = D23453C62EC6419B001E3380 /* LangBite.app */;
			productType = "com.apple.product-type.application";
		};
/* End PBXNativeTarget section */

/* Begin PBXProject section */
		D23453BE2EC6419B001E3380 /* Project object */ = {
			isa = PBXProject;
			attributes = {
				BuildIndependentTargetsInParallel = 1;
				LastSwiftUpdateCheck = 1620;
				LastUpgradeCheck = 1620;
				TargetAttributes = {
					D23453C52EC6419B001E3380 = {
						CreatedOnToolsVersion = 16.2;
					};
				};
			};
			buildConfigurationList = D23453C12EC6419B001E3380 /* Build configuration list for PBXProject "LangBite" */;
			developmentRegion = en;
			hasScannedForEncodings = 0;
			knownRegions = (
				en,
				Base,
			);
			mainGroup = D23453BD2EC6419B001E3380;
			minimizedProjectReferenceProxies = 1;
			packageReferences = (
				D23397B32ED4A62600D60865 /* XCRemoteSwiftPackageReference "firebase-ios-sdk" */,
			);
			preferredProjectObjectVersion = 77;
			productRefGroup = D23453C72EC6419B001E3380 /* Products */;
			projectDirPath = "";
			projectRoot = "";
			targets = (
				D23453C52EC6419B001E3380 /* LangBite */,
			);
		};
/* End PBXProject section */

/* Begin PBXResourcesBuildPhase section */
		D23453C42EC6419B001E3380 /* Resources */ = {
			isa = PBXResourcesBuildPhase;
			buildActionMask = 2147483647;
			files = (
			);
			runOnlyForDeploymentPostprocessing = 0;
		};
/* End PBXResourcesBuildPhase section */

/* Begin PBXSourcesBuildPhase section */
		D23453C22EC6419B001E3380 /* Sources */ = {
			isa = PBXSourcesBuildPhase;
			buildActionMask = 2147483647;
			files = (
			);
			runOnlyForDeploymentPostprocessing = 0;
		};
/* End PBXSourcesBuildPhase section */

/* Begin XCBuildConfiguration section */
		D23453D22EC6419F001E3380 /* Debug */ = {
			isa = XCBuildConfiguration;
			buildSettings = {
				ALWAYS_SEARCH_USER_PATHS = NO;
				ASSETCATALOG_COMPILER_GENERATE_SWIFT_ASSET_SYMBOL_EXTENSIONS = YES;
				CLANG_ANALYZER_NONNULL = YES;
				CLANG_ANALYZER_NUMBER_OBJECT_CONVERSION = YES_AGGRESSIVE;
				CLANG_CXX_LANGUAGE_STANDARD = "gnu++20";
				CLANG_ENABLE_MODULES = YES;
				CLANG_ENABLE_OBJC_ARC = YES;
				CLANG_ENABLE_OBJC_WEAK = YES;
				CLANG_WARN_BLOCK_CAPTURE_AUTORELEASING = YES;
				CLANG_WARN_BOOL_CONVERSION = YES;
				CLANG_WARN_COMMA = YES;
				CLANG_WARN_CONSTANT_CONVERSION = YES;
				CLANG_WARN_DEPRECATED_OBJC_IMPLEMENTATIONS = YES;
				CLANG_WARN_DIRECT_OBJC_ISA_USAGE = YES_ERROR;
				CLANG_WARN_DOCUMENTATION_COMMENTS = YES;
				CLANG_WARN_EMPTY_BODY = YES;
				CLANG_WARN_ENUM_CONVERSION = YES;
				CLANG_WARN_INFINITE_RECURSION = YES;
				CLANG_WARN_INT_CONVERSION = YES;
				CLANG_WARN_NON_LITERAL_NULL_CONVERSION = YES;
				CLANG_WARN_OBJC_IMPLICIT_RETAIN_SELF = YES;
				CLANG_WARN_OBJC_LITERAL_CONVERSION = YES;
				CLANG_WARN_OBJC_ROOT_CLASS = YES_ERROR;
				CLANG_WARN_QUOTED_INCLUDE_IN_FRAMEWORK_HEADER = YES;
				CLANG_WARN_RANGE_LOOP_ANALYSIS = YES;
				CLANG_WARN_STRICT_PROTOTYPES = YES;
				CLANG_WARN_SUSPICIOUS_MOVE = YES;
				CLANG_WARN_UNGUARDED_AVAILABILITY = YES_AGGRESSIVE;
				CLANG_WARN_UNREACHABLE_CODE = YES;
				CLANG_WARN__DUPLICATE_METHOD_MATCH = YES;
				COPY_PHASE_STRIP = NO;
				DEBUG_INFORMATION_FORMAT = dwarf;
				ENABLE_STRICT_OBJC_MSGSEND = YES;
				ENABLE_TESTABILITY = YES;
				ENABLE_USER_SCRIPT_SANDBOXING = YES;
				GCC_C_LANGUAGE_STANDARD = gnu17;
				GCC_DYNAMIC_NO_PIC = NO;
				GCC_NO_COMMON_BLOCKS = YES;
				GCC_OPTIMIZATION_LEVEL = 0;
				GCC_PREPROCESSOR_DEFINITIONS = (
					"DEBUG=1",
					"$(inherited)",
				);
				GCC_WARN_64_TO_32_BIT_CONVERSION = YES;
				GCC_WARN_ABOUT_RETURN_TYPE = YES_ERROR;
				GCC_WARN_UNDECLARED_SELECTOR = YES;
				GCC_WARN_UNINITIALIZED_AUTOS = YES_AGGRESSIVE;
				GCC_WARN_UNUSED_FUNCTION = YES;
				GCC_WARN_UNUSED_VARIABLE = YES;
				IPHONEOS_DEPLOYMENT_TARGET = 18.2;
				LOCALIZATION_PREFERS_STRING_CATALOGS = YES;
				MTL_ENABLE_DEBUG_INFO = INCLUDE_SOURCE;
				MTL_FAST_MATH = YES;
				ONLY_ACTIVE_ARCH = YES;
				SDKROOT = iphoneos;
				SWIFT_ACTIVE_COMPILATION_CONDITIONS = "DEBUG $(inherited)";
				SWIFT_OPTIMIZATION_LEVEL = "-Onone";
			};
			name = Debug;
		};
		D23453D32EC6419F001E3380 /* Release */ = {
			isa = XCBuildConfiguration;
			buildSettings = {
				ALWAYS_SEARCH_USER_PATHS = NO;
				ASSETCATALOG_COMPILER_GENERATE_SWIFT_ASSET_SYMBOL_EXTENSIONS = YES;
				CLANG_ANALYZER_NONNULL = YES;
				CLANG_ANALYZER_NUMBER_OBJECT_CONVERSION = YES_AGGRESSIVE;
				CLANG_CXX_LANGUAGE_STANDARD = "gnu++20";
				CLANG_ENABLE_MODULES = YES;
				CLANG_ENABLE_OBJC_ARC = YES;
				CLANG_ENABLE_OBJC_WEAK = YES;
				CLANG_WARN_BLOCK_CAPTURE_AUTORELEASING = YES;
				CLANG_WARN_BOOL_CONVERSION = YES;
				CLANG_WARN_COMMA = YES;
				CLANG_WARN_CONSTANT_CONVERSION = YES;
				CLANG_WARN_DEPRECATED_OBJC_IMPLEMENTATIONS = YES;
				CLANG_WARN_DIRECT_OBJC_ISA_USAGE = YES_ERROR;
				CLANG_WARN_DOCUMENTATION_COMMENTS = YES;
				CLANG_WARN_EMPTY_BODY = YES;
				CLANG_WARN_ENUM_CONVERSION = YES;
				CLANG_WARN_INFINITE_RECURSION = YES;
				CLANG_WARN_INT_CONVERSION = YES;
				CLANG_WARN_NON_LITERAL_NULL_CONVERSION = YES;
				CLANG_WARN_OBJC_IMPLICIT_RETAIN_SELF = YES;
				CLANG_WARN_OBJC_LITERAL_CONVERSION = YES;
				CLANG_WARN_OBJC_ROOT_CLASS = YES_ERROR;
				CLANG_WARN_QUOTED_INCLUDE_IN_FRAMEWORK_HEADER = YES;
				CLANG_WARN_RANGE_LOOP_ANALYSIS = YES;
				CLANG_WARN_STRICT_PROTOTYPES = YES;
				CLANG_WARN_SUSPICIOUS_MOVE = YES;
				CLANG_WARN_UNGUARDED_AVAILABILITY = YES_AGGRESSIVE;
				CLANG_WARN_UNREACHABLE_CODE = YES;
				CLANG_WARN__DUPLICATE_METHOD_MATCH = YES;
				COPY_PHASE_STRIP = NO;
				DEBUG_INFORMATION_FORMAT = "dwarf-with-dsym";
				ENABLE_NS_ASSERTIONS = NO;
				ENABLE_STRICT_OBJC_MSGSEND = YES;
				ENABLE_USER_SCRIPT_SANDBOXING = YES;
				GCC_C_LANGUAGE_STANDARD = gnu17;
				GCC_NO_COMMON_BLOCKS = YES;
				GCC_WARN_64_TO_32_BIT_CONVERSION = YES;
				GCC_WARN_ABOUT_RETURN_TYPE = YES_ERROR;
				GCC_WARN_UNDECLARED_SELECTOR = YES;
				GCC_WARN_UNINITIALIZED_AUTOS = YES_AGGRESSIVE;
				GCC_WARN_UNUSED_FUNCTION = YES;
				GCC_WARN_UNUSED_VARIABLE = YES;
				IPHONEOS_DEPLOYMENT_TARGET = 18.2;
				LOCALIZATION_PREFERS_STRING_CATALOGS = YES;
				MTL_ENABLE_DEBUG_INFO = NO;
				MTL_FAST_MATH = YES;
				SDKROOT = iphoneos;
				SWIFT_COMPILATION_MODE = wholemodule;
				VALIDATE_PRODUCT = YES;
			};
			name = Release;
		};
		D23453D52EC6419F001E3380 /* Debug */ = {
			isa = XCBuildConfiguration;
			buildSettings = {
				ASSETCATALOG_COMPILER_APPICON_NAME = AppIcon;
				ASSETCATALOG_COMPILER_GLOBAL_ACCENT_COLOR_NAME = AccentColor;
				CODE_SIGN_STYLE = Automatic;
				CURRENT_PROJECT_VERSION = 1;
				DEVELOPMENT_ASSET_PATHS = "\"LangBite/Preview Content\"";
				ENABLE_PREVIEWS = YES;
				GENERATE_INFOPLIST_FILE = YES;
				INFOPLIST_KEY_UIApplicationSceneManifest_Generation = YES;
				INFOPLIST_KEY_UIApplicationSupportsIndirectInputEvents = YES;
				INFOPLIST_KEY_UILaunchScreen_Generation = YES;
				INFOPLIST_KEY_UISupportedInterfaceOrientations_iPad = "UIInterfaceOrientationPortrait UIInterfaceOrientationPortraitUpsideDown UIInterfaceOrientationLandscapeLeft UIInterfaceOrientationLandscapeRight";
				INFOPLIST_KEY_UISupportedInterfaceOrientations_iPhone = "UIInterfaceOrientationPortrait UIInterfaceOrientationLandscapeLeft UIInterfaceOrientationLandscapeRight";
				LD_RUNPATH_SEARCH_PATHS = (
					"$(inherited)",
					"@executable_path/Frameworks",
				);
				MARKETING_VERSION = 1.0;
				PRODUCT_BUNDLE_IDENTIFIER = "tonyok.bura-kmutt.ac.th.LangBite";
				PRODUCT_NAME = "$(TARGET_NAME)";
				SWIFT_EMIT_LOC_STRINGS = YES;
				SWIFT_VERSION = 5.0;
				TARGETED_DEVICE_FAMILY = "1,2";
			};
			name = Debug;
		};
		D23453D62EC6419F001E3380 /* Release */ = {
			isa = XCBuildConfiguration;
			buildSettings = {
				ASSETCATALOG_COMPILER_APPICON_NAME = AppIcon;
				ASSETCATALOG_COMPILER_GLOBAL_ACCENT_COLOR_NAME = AccentColor;
				CODE_SIGN_STYLE = Automatic;
				CURRENT_PROJECT_VERSION = 1;
				DEVELOPMENT_ASSET_PATHS = "\"LangBite/Preview Content\"";
				ENABLE_PREVIEWS = YES;
				GENERATE_INFOPLIST_FILE = YES;
				INFOPLIST_KEY_UIApplicationSceneManifest_Generation = YES;
				INFOPLIST_KEY_UIApplicationSupportsIndirectInputEvents = YES;
				INFOPLIST_KEY_UILaunchScreen_Generation = YES;
				INFOPLIST_KEY_UISupportedInterfaceOrientations_iPad = "UIInterfaceOrientationPortrait UIInterfaceOrientationPortraitUpsideDown UIInterfaceOrientationLandscapeLeft UIInterfaceOrientationLandscapeRight";
				INFOPLIST_KEY_UISupportedInterfaceOrientations_iPhone = "UIInterfaceOrientationPortrait UIInterfaceOrientationLandscapeLeft UIInterfaceOrientationLandscapeRight";
				LD_RUNPATH_SEARCH_PATHS = (
					"$(inherited)",
					"@executable_path/Frameworks",
				);
				MARKETING_VERSION = 1.0;
				PRODUCT_BUNDLE_IDENTIFIER = "tonyok.bura-kmutt.ac.th.LangBite";
				PRODUCT_NAME = "$(TARGET_NAME)";
				SWIFT_EMIT_LOC_STRINGS = YES;
				SWIFT_VERSION = 5.0;
				TARGETED_DEVICE_FAMILY = "1,2";
			};
			name = Release;
		};
/* End XCBuildConfiguration section */

/* Begin XCConfigurationList section */
		D23453C12EC6419B001E3380 /* Build configuration list for PBXProject "LangBite" */ = {
			isa = XCConfigurationList;
			buildConfigurations = (
				D23453D22EC6419F001E3380 /* Debug */,
				D23453D32EC6419F001E3380 /* Release */,
			);
			defaultConfigurationIsVisible = 0;
			defaultConfigurationName = Release;
		};
		D23453D42EC6419F001E3380 /* Build configuration list for PBXNativeTarget "LangBite" */ = {
			isa = XCConfigurationList;
			buildConfigurations = (
				D23453D52EC6419F001E3380 /* Debug */,
				D23453D62EC6419F001E3380 /* Release */,
			);
			defaultConfigurationIsVisible = 0;
			defaultConfigurationName = Release;
		};
/* End XCConfigurationList section */

/* Begin XCRemoteSwiftPackageReference section */
		D23397B32ED4A62600D60865 /* XCRemoteSwiftPackageReference "firebase-ios-sdk" */ = {
			isa = XCRemoteSwiftPackageReference;
			repositoryURL = "https://github.com/firebase/firebase-ios-sdk";
			requirement = {
				kind = upToNextMajorVersion;
				minimumVersion = 12.6.0;
			};
		};
/* End XCRemoteSwiftPackageReference section */

/* Begin XCSwiftPackageProductDependency section */
		D23397B42ED4A62600D60865 /* FirebaseAI */ = {
			isa = XCSwiftPackageProductDependency;
			package = D23397B32ED4A62600D60865 /* XCRemoteSwiftPackageReference "firebase-ios-sdk" */;
			productName = FirebaseAI;
		};
		D23397B62ED4A62600D60865 /* FirebaseAILogic */ = {
			isa = XCSwiftPackageProductDependency;
			package = D23397B32ED4A62600D60865 /* XCRemoteSwiftPackageReference "firebase-ios-sdk" */;
			productName = FirebaseAILogic;
		};
		D23397B82ED4A62600D60865 /* FirebaseAnalytics */ = {
			isa = XCSwiftPackageProductDependency;
			package = D23397B32ED4A62600D60865 /* XCRemoteSwiftPackageReference "firebase-ios-sdk" */;
			productName = FirebaseAnalytics;
		};
		D23397BA2ED4A62600D60865 /* FirebaseAnalyticsCore */ = {
			isa = XCSwiftPackageProductDependency;
			package = D23397B32ED4A62600D60865 /* XCRemoteSwiftPackageReference "firebase-ios-sdk" */;
			productName = FirebaseAnalyticsCore;
		};
		D23397BC2ED4A62600D60865 /* FirebaseAnalyticsIdentitySupport */ = {
			isa = XCSwiftPackageProductDependency;
			package = D23397B32ED4A62600D60865 /* XCRemoteSwiftPackageReference "firebase-ios-sdk" */;
			productName = FirebaseAnalyticsIdentitySupport;
		};
		D23397BE2ED4A98C00D60865 /* FirebaseAppCheck */ = {
			isa = XCSwiftPackageProductDependency;
			package = D23397B32ED4A62600D60865 /* XCRemoteSwiftPackageReference "firebase-ios-sdk" */;
			productName = FirebaseAppCheck;
		};
		D23397C02ED4A98C00D60865 /* FirebaseAppDistribution-Beta */ = {
			isa = XCSwiftPackageProductDependency;
			package = D23397B32ED4A62600D60865 /* XCRemoteSwiftPackageReference "firebase-ios-sdk" */;
			productName = "FirebaseAppDistribution-Beta";
		};
		D23397C22ED4A98C00D60865 /* FirebaseAuth */ = {
			isa = XCSwiftPackageProductDependency;
			package = D23397B32ED4A62600D60865 /* XCRemoteSwiftPackageReference "firebase-ios-sdk" */;
			productName = FirebaseAuth;
		};
		D23397C42ED4A98C00D60865 /* FirebaseAuthCombine-Community */ = {
			isa = XCSwiftPackageProductDependency;
			package = D23397B32ED4A62600D60865 /* XCRemoteSwiftPackageReference "firebase-ios-sdk" */;
			productName = "FirebaseAuthCombine-Community";
		};
		D23397C62ED4A98C00D60865 /* FirebaseCore */ = {
			isa = XCSwiftPackageProductDependency;
			package = D23397B32ED4A62600D60865 /* XCRemoteSwiftPackageReference "firebase-ios-sdk" */;
			productName = FirebaseCore;
		};
		D23397C82ED4A98C00D60865 /* FirebaseCrashlytics */ = {
			isa = XCSwiftPackageProductDependency;
			package = D23397B32ED4A62600D60865 /* XCRemoteSwiftPackageReference "firebase-ios-sdk" */;
			productName = FirebaseCrashlytics;
		};
		D23397CA2ED4A98C00D60865 /* FirebaseDatabase */ = {
			isa = XCSwiftPackageProductDependency;
			package = D23397B32ED4A62600D60865 /* XCRemoteSwiftPackageReference "firebase-ios-sdk" */;
			productName = FirebaseDatabase;
		};
		D23397CC2ED4A98C00D60865 /* FirebaseFirestore */ = {
			isa = XCSwiftPackageProductDependency;
			package = D23397B32ED4A62600D60865 /* XCRemoteSwiftPackageReference "firebase-ios-sdk" */;
			productName = FirebaseFirestore;
		};
		D23397CE2ED4A98C00D60865 /* FirebaseFirestoreCombine-Community */ = {
			isa = XCSwiftPackageProductDependency;
			package = D23397B32ED4A62600D60865 /* XCRemoteSwiftPackageReference "firebase-ios-sdk" */;
			productName = "FirebaseFirestoreCombine-Community";
		};
		D23397D02ED4A98C00D60865 /* FirebaseFunctions */ = {
			isa = XCSwiftPackageProductDependency;
			package = D23397B32ED4A62600D60865 /* XCRemoteSwiftPackageReference "firebase-ios-sdk" */;
			productName = FirebaseFunctions;
		};
		D23397D22ED4A98C00D60865 /* FirebaseFunctionsCombine-Community */ = {
			isa = XCSwiftPackageProductDependency;
			package = D23397B32ED4A62600D60865 /* XCRemoteSwiftPackageReference "firebase-ios-sdk" */;
			productName = "FirebaseFunctionsCombine-Community";
		};
		D23397D42ED4A98C00D60865 /* FirebaseInAppMessaging-Beta */ = {
			isa = XCSwiftPackageProductDependency;
			package = D23397B32ED4A62600D60865 /* XCRemoteSwiftPackageReference "firebase-ios-sdk" */;
			productName = "FirebaseInAppMessaging-Beta";
		};
		D23397D62ED4A98C00D60865 /* FirebaseInstallations */ = {
			isa = XCSwiftPackageProductDependency;
			package = D23397B32ED4A62600D60865 /* XCRemoteSwiftPackageReference "firebase-ios-sdk" */;
			productName = FirebaseInstallations;
		};
		D23397D82ED4A98C00D60865 /* FirebaseMLModelDownloader */ = {
			isa = XCSwiftPackageProductDependency;
			package = D23397B32ED4A62600D60865 /* XCRemoteSwiftPackageReference "firebase-ios-sdk" */;
			productName = FirebaseMLModelDownloader;
		};
		D23397DA2ED4A98C00D60865 /* FirebaseMessaging */ = {
			isa = XCSwiftPackageProductDependency;
			package = D23397B32ED4A62600D60865 /* XCRemoteSwiftPackageReference "firebase-ios-sdk" */;
			productName = FirebaseMessaging;
		};
		D23397DC2ED4A98C00D60865 /* FirebasePerformance */ = {
			isa = XCSwiftPackageProductDependency;
			package = D23397B32ED4A62600D60865 /* XCRemoteSwiftPackageReference "firebase-ios-sdk" */;
			productName = FirebasePerformance;
		};
		D23397DE2ED4A98C00D60865 /* FirebaseRemoteConfig */ = {
			isa = XCSwiftPackageProductDependency;
			package = D23397B32ED4A62600D60865 /* XCRemoteSwiftPackageReference "firebase-ios-sdk" */;
			productName = FirebaseRemoteConfig;
		};
		D23397E02ED4A98C00D60865 /* FirebaseStorage */ = {
			isa = XCSwiftPackageProductDependency;
			package = D23397B32ED4A62600D60865 /* XCRemoteSwiftPackageReference "firebase-ios-sdk" */;
			productName = FirebaseStorage;
		};
		D23397E22ED4A98C00D60865 /* FirebaseStorageCombine-Community */ = {
			isa = XCSwiftPackageProductDependency;
			package = D23397B32ED4A62600D60865 /* XCRemoteSwiftPackageReference "firebase-ios-sdk" */;
			productName = "FirebaseStorageCombine-Community";
		};
/* End XCSwiftPackageProductDependency section */
	};
	rootObject = D23453BE2EC6419B001E3380 /* Project object */;
}
